{
  "name": "middleware",
  "version": "1.0.0",
  "lockfileVersion": 3,
  "requires": true,
  "packages": {
    "": {
      "name": "middleware",
      "version": "1.0.0",
      "license": "ISC",
      "dependencies": {
        "exxpress": "^1.0.0",
        "helmet": "^8.1.0"
      }
    },
    "node_modules/exxpress": {
      "version": "1.0.0",
      "resolved": "https://registry.npmjs.org/exxpress/-/exxpress-1.0.0.tgz",
      "integrity": "sha512-6S/15S427XV0jPi1ZNFUrIZnr6ZaN9eQKcTlijDm9uCgp2fuo4Jn/9FiA9znVghqEagKkHpovG8SdxIkiV+mCA=="
    },
    "node_modules/helmet": {
      "version": "8.1.0",
      "resolved": "https://registry.npmjs.org/helmet/-/helmet-8.1.0.tgz",
      "integrity": "sha512-jOiHyAZsmnr8LqoPGmCjYAaiuWwjAPLgY8ZX2XrmHawt99/u1y6RgrZMTeoPfpUbV96HOalYgz1qzkRbw54Pmg==",
      "engines": {
        "node": ">=18.0.0"
      }
    }
  }
}
